
Microsoft Visual Studio Solution File, Format Version 12.00
# Visual Studio Version 16
VisualStudioVersion = 16.0.30523.141
MinimumVisualStudioVersion = 10.0.40219.1
Project("{FAE04EC0-301F-11D3-BF4B-00C04F79EFBC}") = "DPBuyingCar.Android", "DPBuyingCar\DPBuyingCar.Android\DPBuyingCar.Android.csproj", "{0638B90B-1F3B-40FD-A2F2-48985311738F}"
EndProject
Project("{FAE04EC0-301F-11D3-BF4B-00C04F79EFBC}") = "DPBuyingCar.iOS", "DPBuyingCar\DPBuyingCar.iOS\DPBuyingCar.iOS.csproj", "{972B0BB0-2DE2-46D4-A7F6-6F6A788AC2C4}"
EndProject
Project("{FAE04EC0-301F-11D3-BF4B-00C04F79EFBC}") = "DPBuyingCar", "DPBuyingCar\DPBuyingCar\DPBuyingCar.csproj", "{EAE19C78-7180-4C4F-9E24-C89DAB0B8081}"
EndProject
Global
	GlobalSection(SolutionConfigurationPlatforms) = preSolution
		Debug|Any CPU = Debug|Any CPU
		Debug|iPhone = Debug|iPhone
		Debug|iPhoneSimulator = Debug|iPhoneSimulator
		Release|Any CPU = Release|Any CPU
		Release|iPhone = Release|iPhone
		Release|iPhoneSimulator = Release|iPhoneSimulator
	EndGlobalSection
	GlobalSection(ProjectConfigurationPlatforms) = postSolution
		{0638B90B-1F3B-40FD-A2F2-48985311738F}.Debug|Any CPU.ActiveCfg = Debug|Any CPU
		{0638B90B-1F3B-40FD-A2F2-48985311738F}.Debug|Any CPU.Build.0 = Debug|Any CPU
		{0638B90B-1F3B-40FD-A2F2-48985311738F}.Debug|Any CPU.Deploy.0 = Debug|Any CPU
		{0638B90B-1F3B-40FD-A2F2-48985311738F}.Debug|iPhone.ActiveCfg = Debug|Any CPU
		{0638B90B-1F3B-40FD-A2F2-48985311738F}.Debug|iPhone.Build.0 = Debug|Any CPU
		{0638B90B-1F3B-40FD-A2F2-48985311738F}.Debug|iPhone.Deploy.0 = Debug|Any CPU
		{0638B90B-1F3B-40FD-A2F2-48985311738F}.Debug|iPhoneSimulator.ActiveCfg = Debug|Any CPU
		{0638B90B-1F3B-40FD-A2F2-48985311738F}.Debug|iPhoneSimulator.Build.0 = Debug|Any CPU
		{0638B90B-1F3B-40FD-A2F2-48985311738F}.Debug|iPhoneSimulator.Deploy.0 = Debug|Any CPU
		{0638B90B-1F3B-40FD-A2F2-48985311738F}.Release|Any CPU.ActiveCfg = Release|Any CPU
		{0638B90B-1F3B-40FD-A2F2-48985311738F}.Release|Any CPU.Build.0 = Release|Any CPU
		{0638B90B-1F3B-40FD-A2F2-48985311738F}.Release|Any CPU.Deploy.0 = Release|Any CPU
		{0638B90B-1F3B-40FD-A2F2-48985311738F}.Release|iPhone.ActiveCfg = Release|Any CPU
		{0638B90B-1F3B-40FD-A2F2-48985311738F}.Release|iPhone.Build.0 = Release|Any CPU
		{0638B90B-1F3B-40FD-A2F2-48985311738F}.Release|iPhone.Deploy.0 = Release|Any CPU
		{0638B90B-1F3B-40FD-A2F2-48985311738F}.Release|iPhoneSimulator.ActiveCfg = Release|Any CPU
		{0638B90B-1F3B-40FD-A2F2-48985311738F}.Release|iPhoneSimulator.Build.0 = Release|Any CPU
		{0638B90B-1F3B-40FD-A2F2-48985311738F}.Release|iPhoneSimulator.Deploy.0 = Release|Any CPU
		{972B0BB0-2DE2-46D4-A7F6-6F6A788AC2C4}.Debug|Any CPU.ActiveCfg = Debug|iPhone
		{972B0BB0-2DE2-46D4-A7F6-6F6A788AC2C4}.Debug|Any CPU.Build.0 = Debug|iPhone
		{972B0BB0-2DE2-46D4-A7F6-6F6A788AC2C4}.Debug|Any CPU.Deploy.0 = Debug|iPhone
		{972B0BB0-2DE2-46D4-A7F6-6F6A788AC2C4}.Debug|iPhone.ActiveCfg = Debug|iPhone
		{972B0BB0-2DE2-46D4-A7F6-6F6A788AC2C4}.Debug|iPhone.Build.0 = Debug|iPhone
		{972B0BB0-2DE2-46D4-A7F6-6F6A788AC2C4}.Debug|iPhone.Deploy.0 = Debug|iPhone
		{972B0BB0-2DE2-46D4-A7F6-6F6A788AC2C4}.Debug|iPhoneSimulator.ActiveCfg = Debug|iPhoneSimulator
		{972B0BB0-2DE2-46D4-A7F6-6F6A788AC2C4}.Debug|iPhoneSimulator.Build.0 = Debug|iPhoneSimulator
		{972B0BB0-2DE2-46D4-A7F6-6F6A788AC2C4}.Debug|iPhoneSimulator.Deploy.0 = Debug|iPhoneSimulator
		{972B0BB0-2DE2-46D4-A7F6-6F6A788AC2C4}.Release|Any CPU.ActiveCfg = Release|iPhoneSimulator
		{972B0BB0-2DE2-46D4-A7F6-6F6A788AC2C4}.Release|Any CPU.Build.0 = Release|iPhoneSimulator
		{972B0BB0-2DE2-46D4-A7F6-6F6A788AC2C4}.Release|Any CPU.Deploy.0 = Release|iPhoneSimulator
		{972B0BB0-2DE2-46D4-A7F6-6F6A788AC2C4}.Release|iPhone.ActiveCfg = Release|iPhone
		{972B0BB0-2DE2-46D4-A7F6-6F6A788AC2C4}.Release|iPhone.Build.0 = Release|iPhone
		{972B0BB0-2DE2-46D4-A7F6-6F6A788AC2C4}.Release|iPhone.Deploy.0 = Release|iPhone
		{972B0BB0-2DE2-46D4-A7F6-6F6A788AC2C4}.Release|iPhoneSimulator.ActiveCfg = Release|iPhoneSimulator
		{972B0BB0-2DE2-46D4-A7F6-6F6A788AC2C4}.Release|iPhoneSimulator.Build.0 = Release|iPhoneSimulator
		{972B0BB0-2DE2-46D4-A7F6-6F6A788AC2C4}.Release|iPhoneSimulator.Deploy.0 = Release|iPhoneSimulator
		{EAE19C78-7180-4C4F-9E24-C89DAB0B8081}.Debug|Any CPU.ActiveCfg = Debug|Any CPU
		{EAE19C78-7180-4C4F-9E24-C89DAB0B8081}.Debug|Any CPU.Build.0 = Debug|Any CPU
		{EAE19C78-7180-4C4F-9E24-C89DAB0B8081}.Debug|Any CPU.Deploy.0 = Debug|Any CPU
		{EAE19C78-7180-4C4F-9E24-C89DAB0B8081}.Debug|iPhone.ActiveCfg = Debug|Any CPU
		{EAE19C78-7180-4C4F-9E24-C89DAB0B8081}.Debug|iPhone.Build.0 = Debug|Any CPU
		{EAE19C78-7180-4C4F-9E24-C89DAB0B8081}.Debug|iPhone.Deploy.0 = Debug|Any CPU
		{EAE19C78-7180-4C4F-9E24-C89DAB0B8081}.Debug|iPhoneSimulator.ActiveCfg = Debug|Any CPU
		{EAE19C78-7180-4C4F-9E24-C89DAB0B8081}.Debug|iPhoneSimulator.Build.0 = Debug|Any CPU
		{EAE19C78-7180-4C4F-9E24-C89DAB0B8081}.Debug|iPhoneSimulator.Deploy.0 = Debug|Any CPU
		{EAE19C78-7180-4C4F-9E24-C89DAB0B8081}.Release|Any CPU.ActiveCfg = Release|Any CPU
		{EAE19C78-7180-4C4F-9E24-C89DAB0B8081}.Release|Any CPU.Build.0 = Release|Any CPU
		{EAE19C78-7180-4C4F-9E24-C89DAB0B8081}.Release|Any CPU.Deploy.0 = Release|Any CPU
		{EAE19C78-7180-4C4F-9E24-C89DAB0B8081}.Release|iPhone.ActiveCfg = Release|Any CPU
		{EAE19C78-7180-4C4F-9E24-C89DAB0B8081}.Release|iPhone.Build.0 = Release|Any CPU
		{EAE19C78-7180-4C4F-9E24-C89DAB0B8081}.Release|iPhone.Deploy.0 = Release|Any CPU
		{EAE19C78-7180-4C4F-9E24-C89DAB0B8081}.Release|iPhoneSimulator.ActiveCfg = Release|Any CPU
		{EAE19C78-7180-4C4F-9E24-C89DAB0B8081}.Release|iPhoneSimulator.Build.0 = Release|Any CPU
		{EAE19C78-7180-4C4F-9E24-C89DAB0B8081}.Release|iPhoneSimulator.Deploy.0 = Release|Any CPU
	EndGlobalSection
	GlobalSection(SolutionProperties) = preSolution
		HideSolutionNode = FALSE
	EndGlobalSection
	GlobalSection(ExtensibilityGlobals) = postSolution
		SolutionGuid = {001F3E95-E7A6-4E0B-A662-81A5810C2910}
	EndGlobalSection
EndGlobal
